{
  "name": "reactDependences",
  "lockfileVersion": 3,
  "requires": true,
  "packages": {
    "": {
      "name": "reactDependences",
      "license": "MIT",
      "dependencies": {
        "react": "^18.2.0",
        "reactDependences": "file:"
      },
      "devDependencies": {
        "@eslint/js": "^9.12.0",
        "globals": "^15.11.0",
        "prettier": "^3.3.3"
      }
    },
    "node_modules/@eslint/js": {
      "version": "9.12.0",
      "resolved": "https://registry.npmjs.org/@eslint/js/-/js-9.12.0.tgz",
      "integrity": "sha512-eohesHH8WFRUprDNyEREgqP6beG6htMeUYeCpkEgBCieCMme5r9zFWjzAJp//9S+Kub4rqE+jXe9Cp1a7IYIIA==",
      "dev": true,
      "license": "MIT",
      "engines": {
        "node": "^18.18.0 || ^20.9.0 || >=21.1.0"
      }
    },
    "node_modules/globals": {
      "version": "15.11.0",
      "resolved": "https://registry.npmjs.org/globals/-/globals-15.11.0.tgz",
      "integrity": "sha512-yeyNSjdbyVaWurlwCpcA6XNBrHTMIeDdj0/hnvX/OLJ9ekOXYbLsLinH/MucQyGvNnXhidTdNhTtJaffL2sMfw==",
      "dev": true,
      "license": "MIT",
      "engines": {
        "node": ">=18"
      },
      "funding": {
        "url": "https://github.com/sponsors/sindresorhus"
      }
    },
    "node_modules/js-tokens": {
      "version": "4.0.0",
      "resolved": "https://registry.npmjs.org/js-tokens/-/js-tokens-4.0.0.tgz",
      "integrity": "sha512-RdJUflcE3cUzKiMqQgsCu06FPu9UdIJO0beYbPhHN4k6apgJtifcoCtT9bcxOpYBtpD2kCM6Sbzg4CausW/PKQ=="
    },
    "node_modules/loose-envify": {
      "version": "1.4.0",
      "resolved": "https://registry.npmjs.org/loose-envify/-/loose-envify-1.4.0.tgz",
      "integrity": "sha512-lyuxPGr/Wfhrlem2CL/UcnUc1zcqKAImBDzukY7Y5F/yQiNdko6+fRLevlw1HgMySw7f611UIY408EtxRSoK3Q==",
      "dependencies": {
        "js-tokens": "^3.0.0 || ^4.0.0"
      },
      "bin": {
        "loose-envify": "cli.js"
      }
    },
    "node_modules/prettier": {
      "version": "3.3.3",
      "resolved": "https://registry.npmjs.org/prettier/-/prettier-3.3.3.tgz",
      "integrity": "sha512-i2tDNA0O5IrMO757lfrdQZCc2jPNDVntV0m/+4whiDfWaTKfMNgR7Qz0NAeGz/nRqF4m5/6CLzbP4/liHt12Ew==",
      "dev": true,
      "license": "MIT",
      "bin": {
        "prettier": "bin/prettier.cjs"
      },
      "engines": {
        "node": ">=14"
      },
      "funding": {
        "url": "https://github.com/prettier/prettier?sponsor=1"
      }
    },
    "node_modules/react": {
      "version": "18.3.1",
      "resolved": "https://registry.npmjs.org/react/-/react-18.3.1.tgz",
      "integrity": "sha512-wS+hAgJShR0KhEvPJArfuPVN1+Hz1t0Y6n5jLrGQbkb4urgPE/0Rve+1kMB1v/oWgHgm4WIcV+i7F2pTVj+2iQ==",
      "dependencies": {
        "loose-envify": "^1.1.0"
      },
      "engines": {
        "node": ">=0.10.0"
      }
    },
    "node_modules/reactDependences": {
      "resolved": "",
      "link": true
    }
  }
}
